
Microsoft Visual Studio Solution File, Format Version 12.00
# Visual Studio Version 16
VisualStudioVersion = 16.0.30621.155
MinimumVisualStudioVersion = 10.0.40219.1
Project("{9A19103F-16F7-4668-BE54-9A1E7A4F7556}") = "FaceAddToBD", "DetectingAndRecognizingFace\FaceAddToBD.csproj", "{338611A9-DAE4-4329-9D01-58A082992BDF}"
EndProject
Global
	GlobalSection(SolutionConfigurationPlatforms) = preSolution
		Debug|Any CPU = Debug|Any CPU
		Release|Any CPU = Release|Any CPU
	EndGlobalSection
	GlobalSection(ProjectConfigurationPlatforms) = postSolution
		{338611A9-DAE4-4329-9D01-58A082992BDF}.Debug|Any CPU.ActiveCfg = Debug|Any CPU
		{338611A9-DAE4-4329-9D01-58A082992BDF}.Debug|Any CPU.Build.0 = Debug|Any CPU
		{338611A9-DAE4-4329-9D01-58A082992BDF}.Release|Any CPU.ActiveCfg = Release|Any CPU
		{338611A9-DAE4-4329-9D01-58A082992BDF}.Release|Any CPU.Build.0 = Release|Any CPU
	EndGlobalSection
	GlobalSection(SolutionProperties) = preSolution
		HideSolutionNode = FALSE
	EndGlobalSection
	GlobalSection(ExtensibilityGlobals) = postSolution
		SolutionGuid = {B9C4F7F4-BE8E-4E54-B98D-00C6C6A7455C}
	EndGlobalSection
EndGlobal
